
Microsoft Visual Studio Solution File, Format Version 12.00
# Visual Studio Version 16
VisualStudioVersion = 16.0.30011.22
MinimumVisualStudioVersion = 10.0.40219.1
Project("{8BC9CEB8-8B4A-11D0-8D11-00A0C91BC942}") = "1087", "1087\1087\1087.vcxproj", "{4DFC6904-2CB4-400C-87A9-E0BED98A1008}"
EndProject
Project("{8BC9CEB8-8B4A-11D0-8D11-00A0C91BC942}") = "1167", "1167\1167\1167.vcxproj", "{7BBC0134-6898-4D7A-92E0-28036E20F1F0}"
EndProject
Project("{8BC9CEB8-8B4A-11D0-8D11-00A0C91BC942}") = "1472", "1472\Triangulos\Triangulos\Triangulos.vcxproj", "{F1D6FD1F-D482-4C73-9C69-EE03A890ECA6}"
EndProject
Project("{8BC9CEB8-8B4A-11D0-8D11-00A0C91BC942}") = "1578", "1578\1578\1578.vcxproj", "{A7B53B7D-3B9F-44EE-B2A8-7F833DE59FF2}"
EndProject
Project("{8BC9CEB8-8B4A-11D0-8D11-00A0C91BC942}") = "1104", "1104\1104.vcxproj", "{2A7797C8-476C-461C-96DF-3F5734A2C3AC}"
EndProject
Project("{8BC9CEB8-8B4A-11D0-8D11-00A0C91BC942}") = "1514", "1514\1514.vcxproj", "{61716587-6159-4FAD-BB04-669178FAAE1A}"
EndProject
Global
	GlobalSection(SolutionConfigurationPlatforms) = preSolution
		Debug|x64 = Debug|x64
		Debug|x86 = Debug|x86
		Release|x64 = Release|x64
		Release|x86 = Release|x86
	EndGlobalSection
	GlobalSection(ProjectConfigurationPlatforms) = postSolution
		{4DFC6904-2CB4-400C-87A9-E0BED98A1008}.Debug|x64.ActiveCfg = Debug|x64
		{4DFC6904-2CB4-400C-87A9-E0BED98A1008}.Debug|x64.Build.0 = Debug|x64
		{4DFC6904-2CB4-400C-87A9-E0BED98A1008}.Debug|x86.ActiveCfg = Debug|Win32
		{4DFC6904-2CB4-400C-87A9-E0BED98A1008}.Debug|x86.Build.0 = Debug|Win32
		{4DFC6904-2CB4-400C-87A9-E0BED98A1008}.Release|x64.ActiveCfg = Release|x64
		{4DFC6904-2CB4-400C-87A9-E0BED98A1008}.Release|x64.Build.0 = Release|x64
		{4DFC6904-2CB4-400C-87A9-E0BED98A1008}.Release|x86.ActiveCfg = Release|Win32
		{4DFC6904-2CB4-400C-87A9-E0BED98A1008}.Release|x86.Build.0 = Release|Win32
		{7BBC0134-6898-4D7A-92E0-28036E20F1F0}.Debug|x64.ActiveCfg = Debug|x64
		{7BBC0134-6898-4D7A-92E0-28036E20F1F0}.Debug|x64.Build.0 = Debug|x64
		{7BBC0134-6898-4D7A-92E0-28036E20F1F0}.Debug|x86.ActiveCfg = Debug|Win32
		{7BBC0134-6898-4D7A-92E0-28036E20F1F0}.Debug|x86.Build.0 = Debug|Win32
		{7BBC0134-6898-4D7A-92E0-28036E20F1F0}.Release|x64.ActiveCfg = Release|x64
		{7BBC0134-6898-4D7A-92E0-28036E20F1F0}.Release|x64.Build.0 = Release|x64
		{7BBC0134-6898-4D7A-92E0-28036E20F1F0}.Release|x86.ActiveCfg = Release|Win32
		{7BBC0134-6898-4D7A-92E0-28036E20F1F0}.Release|x86.Build.0 = Release|Win32
		{F1D6FD1F-D482-4C73-9C69-EE03A890ECA6}.Debug|x64.ActiveCfg = Debug|x64
		{F1D6FD1F-D482-4C73-9C69-EE03A890ECA6}.Debug|x64.Build.0 = Debug|x64
		{F1D6FD1F-D482-4C73-9C69-EE03A890ECA6}.Debug|x86.ActiveCfg = Debug|Win32
		{F1D6FD1F-D482-4C73-9C69-EE03A890ECA6}.Debug|x86.Build.0 = Debug|Win32
		{F1D6FD1F-D482-4C73-9C69-EE03A890ECA6}.Release|x64.ActiveCfg = Release|x64
		{F1D6FD1F-D482-4C73-9C69-EE03A890ECA6}.Release|x64.Build.0 = Release|x64
		{F1D6FD1F-D482-4C73-9C69-EE03A890ECA6}.Release|x86.ActiveCfg = Release|Win32
		{F1D6FD1F-D482-4C73-9C69-EE03A890ECA6}.Release|x86.Build.0 = Release|Win32
		{A7B53B7D-3B9F-44EE-B2A8-7F833DE59FF2}.Debug|x64.ActiveCfg = Debug|x64
		{A7B53B7D-3B9F-44EE-B2A8-7F833DE59FF2}.Debug|x64.Build.0 = Debug|x64
		{A7B53B7D-3B9F-44EE-B2A8-7F833DE59FF2}.Debug|x86.ActiveCfg = Debug|Win32
		{A7B53B7D-3B9F-44EE-B2A8-7F833DE59FF2}.Debug|x86.Build.0 = Debug|Win32
		{A7B53B7D-3B9F-44EE-B2A8-7F833DE59FF2}.Release|x64.ActiveCfg = Release|x64
		{A7B53B7D-3B9F-44EE-B2A8-7F833DE59FF2}.Release|x64.Build.0 = Release|x64
		{A7B53B7D-3B9F-44EE-B2A8-7F833DE59FF2}.Release|x86.ActiveCfg = Release|Win32
		{A7B53B7D-3B9F-44EE-B2A8-7F833DE59FF2}.Release|x86.Build.0 = Release|Win32
		{2A7797C8-476C-461C-96DF-3F5734A2C3AC}.Debug|x64.ActiveCfg = Debug|x64
		{2A7797C8-476C-461C-96DF-3F5734A2C3AC}.Debug|x64.Build.0 = Debug|x64
		{2A7797C8-476C-461C-96DF-3F5734A2C3AC}.Debug|x86.ActiveCfg = Debug|Win32
		{2A7797C8-476C-461C-96DF-3F5734A2C3AC}.Debug|x86.Build.0 = Debug|Win32
		{2A7797C8-476C-461C-96DF-3F5734A2C3AC}.Release|x64.ActiveCfg = Release|x64
		{2A7797C8-476C-461C-96DF-3F5734A2C3AC}.Release|x64.Build.0 = Release|x64
		{2A7797C8-476C-461C-96DF-3F5734A2C3AC}.Release|x86.ActiveCfg = Release|Win32
		{2A7797C8-476C-461C-96DF-3F5734A2C3AC}.Release|x86.Build.0 = Release|Win32
		{61716587-6159-4FAD-BB04-669178FAAE1A}.Debug|x64.ActiveCfg = Debug|x64
		{61716587-6159-4FAD-BB04-669178FAAE1A}.Debug|x64.Build.0 = Debug|x64
		{61716587-6159-4FAD-BB04-669178FAAE1A}.Debug|x86.ActiveCfg = Debug|Win32
		{61716587-6159-4FAD-BB04-669178FAAE1A}.Debug|x86.Build.0 = Debug|Win32
		{61716587-6159-4FAD-BB04-669178FAAE1A}.Release|x64.ActiveCfg = Release|x64
		{61716587-6159-4FAD-BB04-669178FAAE1A}.Release|x64.Build.0 = Release|x64
		{61716587-6159-4FAD-BB04-669178FAAE1A}.Release|x86.ActiveCfg = Release|Win32
		{61716587-6159-4FAD-BB04-669178FAAE1A}.Release|x86.Build.0 = Release|Win32
	EndGlobalSection
	GlobalSection(SolutionProperties) = preSolution
		HideSolutionNode = FALSE
	EndGlobalSection
	GlobalSection(ExtensibilityGlobals) = postSolution
		SolutionGuid = {86034179-2154-4B34-B16C-561F5B868FDF}
	EndGlobalSection
EndGlobal
